Microsoft Visual Studio Solution File, Format Version 12.00
# Visual Studio Version 17
VisualStudioVersion = 17.5.2.0
MinimumVisualStudioVersion = 10.0.40219.1
Project("{FAE04EC0-301F-11D3-BF4B-00C04F79EFBC}") = "ChoiceMenu", "ChoiceMenu\ChoiceMenu.csproj", "{CE22D1E0-BE88-18C8-B4AF-765643F08470}"
EndProject
Global
	GlobalSection(SolutionConfigurationPlatforms) = preSolution
		Debug|Any CPU = Debug|Any CPU
		Release|Any CPU = Release|Any CPU
	EndGlobalSection
	GlobalSection(ProjectConfigurationPlatforms) = postSolution
		{CE22D1E0-BE88-18C8-B4AF-765643F08470}.Debug|Any CPU.ActiveCfg = Debug|Any CPU
		{CE22D1E0-BE88-18C8-B4AF-765643F08470}.Debug|Any CPU.Build.0 = Debug|Any CPU
		{CE22D1E0-BE88-18C8-B4AF-765643F08470}.Release|Any CPU.ActiveCfg = Release|Any CPU
		{CE22D1E0-BE88-18C8-B4AF-765643F08470}.Release|Any CPU.Build.0 = Release|Any CPU
	EndGlobalSection
	GlobalSection(SolutionProperties) = preSolution
		HideSolutionNode = FALSE
	EndGlobalSection
	GlobalSection(ExtensibilityGlobals) = postSolution
		SolutionGuid = {D1A9236A-DED9-4F2A-98A9-063B665506D7}
	EndGlobalSection
EndGlobal
